
Microsoft Visual Studio Solution File, Format Version 12.00
# Visual Studio Version 17
VisualStudioVersion = 17.5.002.0
MinimumVisualStudioVersion = 10.0.40219.1
Project("{9A19103F-16F7-4668-BE54-9A1E7A4F7556}") = "kanban", "kanban\kanban.csproj", "{11EDA4C4-BAF4-4BCB-8F0A-9690A5A88645}"
EndProject
Global
	GlobalSection(SolutionConfigurationPlatforms) = preSolution
		Debug|Any CPU = Debug|Any CPU
		Release|Any CPU = Release|Any CPU
	EndGlobalSection
	GlobalSection(ProjectConfigurationPlatforms) = postSolution
		{11EDA4C4-BAF4-4BCB-8F0A-9690A5A88645}.Debug|Any CPU.ActiveCfg = Debug|Any CPU
		{11EDA4C4-BAF4-4BCB-8F0A-9690A5A88645}.Debug|Any CPU.Build.0 = Debug|Any CPU
		{11EDA4C4-BAF4-4BCB-8F0A-9690A5A88645}.Release|Any CPU.ActiveCfg = Release|Any CPU
		{11EDA4C4-BAF4-4BCB-8F0A-9690A5A88645}.Release|Any CPU.Build.0 = Release|Any CPU
	EndGlobalSection
	GlobalSection(SolutionProperties) = preSolution
		HideSolutionNode = FALSE
	EndGlobalSection
	GlobalSection(ExtensibilityGlobals) = postSolution
		SolutionGuid = {D2352F88-D48A-4BFE-B880-FF907D830D5B}
	EndGlobalSection
EndGlobal
